PODS:
  - AFNetworking (3.2.1):
    - AFNetworking/NSURLSession (= 3.2.1)
    - AFNetworking/Reachability (= 3.2.1)
    - AFNetworking/Security (= 3.2.1)
    - AFNetworking/Serialization (= 3.2.1)
    - AFNetworking/UIKit (= 3.2.1)
  - AFNetworking/NSURLSession (3.2.1):
    - AFNetworking/Reachability
    - AFNetworking/Security
    - AFNetworking/Serialization
  - AFNetworking/Reachability (3.2.1)
  - AFNetworking/Security (3.2.1)
  - AFNetworking/Serialization (3.2.1)
  - AFNetworking/UIKit (3.2.1):
    - AFNetworking/NSURLSession
  - CDDPagerController (1.1.5)
  - FMDB (2.7.5):
    - FMDB/standard (= 2.7.5)
  - FMDB/standard (2.7.5)
  - IQKeyboardManager (6.4.0)
  - Masonry (1.1.0)
  - MJExtension (3.1.0)
  - MJRefresh (3.2.0)
  - SDCycleScrollView (1.65):
    - SDWebImage (~> 3.7)
  - SDWebImage (3.8.2):
    - SDWebImage/Core (= 3.8.2)
  - SDWebImage/Core (3.8.2)
  - SVProgressHUD (2.2.5)
  - TZImagePickerController (3.2.2)
  - ZXingObjC (3.6.5):
    - ZXingObjC/All (= 3.6.5)
  - ZXingObjC/All (3.6.5)
  - ZYCornerRadius (1.0.2)

DEPENDENCIES:
  - AFNetworking
  - CDDPagerController
  - FMDB
  - IQKeyboardManager
  - Masonry
  - MJExtension
  - MJRefresh
  - SDCycleScrollView
  - SDWebImage (= 3.8.2)
  - SVProgressHUD
  - TZImagePickerController
  - ZXingObjC
  - ZYCornerRadius

SPEC REPOS:
  https://github.com/cocoapods/specs.git:
    - AFNetworking
    - CDDPagerController
    - FMDB
    - IQKeyboardManager
    - Masonry
    - MJExtension
    - MJRefresh
    - SDCycleScrollView
    - SDWebImage
    - SVProgressHUD
    - TZImagePickerController
    - ZXingObjC
    - ZYCornerRadius

SPEC CHECKSUMS:
  AFNetworking: b6f891fdfaed196b46c7a83cf209e09697b94057
  CDDPagerController: ed05951429a860c56cfdffbeba1a8af5132a28ae
  FMDB: 2ce00b547f966261cd18927a3ddb07cb6f3db82a
  IQKeyboardManager: fcef267266379c003181fc3592f6bdb8bf4db839
  Masonry: 678fab65091a9290e40e2832a55e7ab731aad201
  MJExtension: 6b69b3bef2864fd550ce1a184eda219e321209d2
  MJRefresh: ed450d6eb9d3346a2cb033ab7eb6de090aeef437
  SDCycleScrollView: f72904c77698a7f93a41bcbbc2d78b073bf7326c
  SDWebImage: 098e97e6176540799c27e804c96653ee0833d13c
  SVProgressHUD: 1428aafac632c1f86f62aa4243ec12008d7a51d6
  TZImagePickerController: 44aa49cf35b1e88fe292be955e15b9003a5b1d83
  ZXingObjC: fdbb269f25dd2032da343e06f10224d62f537bdb
  ZYCornerRadius: f0af817be7805b5c63d793042ca7a03f81e14069

PODFILE CHECKSUM: 06839ef319fc01c5874fe7ba57a34a0197e8ff80

COCOAPODS: 1.7.5
